Microsoft Visual Studio Solution File, Format Version 11.00
# Visual Studio 2008

Project("{1D94EA82-4580-FAE2-4DDD-347EE5352F15}") = "QuantumBlocks", "Assembly-CSharp.csproj", "{4492B939-2356-6FAA-3089-37BE3429F5C7}"
EndProject
Global
	GlobalSection(SolutionConfigurationPlatforms) = preSolution
		Debug|Any CPU = Debug|Any CPU
		Release|Any CPU = Release|Any CPU
	EndGlobalSection
	GlobalSection(ProjectConfigurationPlatforms) = postSolution
		{4492B939-2356-6FAA-3089-37BE3429F5C7}.Debug|Any CPU.ActiveCfg = Debug|Any CPU
		{4492B939-2356-6FAA-3089-37BE3429F5C7}.Debug|Any CPU.Build.0 = Debug|Any CPU
		{4492B939-2356-6FAA-3089-37BE3429F5C7}.Release|Any CPU.ActiveCfg = Release|Any CPU
		{4492B939-2356-6FAA-3089-37BE3429F5C7}.Release|Any CPU.Build.0 = Release|Any CPU
	EndGlobalSection
	GlobalSection(SolutionProperties) = preSolution
		HideSolutionNode = FALSE
	EndGlobalSection
	GlobalSection(MonoDevelopProperties) = preSolution
		StartupItem = Assembly-CSharp.csproj
	EndGlobalSection
EndGlobal
